
Microsoft Visual Studio Solution File, Format Version 12.00
# Visual Studio 15
VisualStudioVersion = 15.0.28307.438
MinimumVisualStudioVersion = 10.0.40219.1
Project("{FAE04EC0-301F-11D3-BF4B-00C04F79EFBC}") = "UtilOscilloscopeArduino", "UtilOscilloscopeArduino\UtilOscilloscopeArduino.csproj", "{AEFE3BAE-6B05-4B06-94FA-BE763F6CBFD4}"
EndProject
Global
	GlobalSection(SolutionConfigurationPlatforms) = preSolution
		Debug|Any CPU = Debug|Any CPU
		Release|Any CPU = Release|Any CPU
	EndGlobalSection
	GlobalSection(ProjectConfigurationPlatforms) = postSolution
		{AEFE3BAE-6B05-4B06-94FA-BE763F6CBFD4}.Debug|Any CPU.ActiveCfg = Debug|Any CPU
		{AEFE3BAE-6B05-4B06-94FA-BE763F6CBFD4}.Debug|Any CPU.Build.0 = Debug|Any CPU
		{AEFE3BAE-6B05-4B06-94FA-BE763F6CBFD4}.Release|Any CPU.ActiveCfg = Release|Any CPU
		{AEFE3BAE-6B05-4B06-94FA-BE763F6CBFD4}.Release|Any CPU.Build.0 = Release|Any CPU
	EndGlobalSection
	GlobalSection(SolutionProperties) = preSolution
		HideSolutionNode = FALSE
	EndGlobalSection
	GlobalSection(ExtensibilityGlobals) = postSolution
		SolutionGuid = {C600A3EF-8F36-48E3-8EA5-6F842C729F46}
	EndGlobalSection
EndGlobal
